# THIS IS AN AUTOGENERATED FILE. DO NOT EDIT THIS FILE DIRECTLY.
# yarn lockfile v1


flag-icons@^6.9.2:
  version "6.9.2"
  resolved "https://registry.yarnpkg.com/flag-icons/-/flag-icons-6.9.2.tgz#18df86d7504c7bb012d50223583a497100b30977"
  integrity sha512-zN/v2PJYdM0N/9R82KM99aRUtfLhj0WbFspOj1Ha1RZbwD7K2/4mMm2Qz8ujFli0d79gx2RgZ71astcXsHMdSA==
